
Microsoft Visual Studio Solution File, Format Version 12.00
# Visual Studio Version 17
VisualStudioVersion = 17.8.34330.188
MinimumVisualStudioVersion = 10.0.40219.1
Project("{FAE04EC0-301F-11D3-BF4B-00C04F79EFBC}") = "icone-backend", "icone-backend.csproj", "{2900D3BC-8514-4DC5-B4F9-74F09C502F97}"
EndProject
Global
	GlobalSection(SolutionConfigurationPlatforms) = preSolution
		Debug|Any CPU = Debug|Any CPU
		Release|Any CPU = Release|Any CPU
	EndGlobalSection
	GlobalSection(ProjectConfigurationPlatforms) = postSolution
		{2900D3BC-8514-4DC5-B4F9-74F09C502F97}.Debug|Any CPU.ActiveCfg = Debug|Any CPU
		{2900D3BC-8514-4DC5-B4F9-74F09C502F97}.Debug|Any CPU.Build.0 = Debug|Any CPU
		{2900D3BC-8514-4DC5-B4F9-74F09C502F97}.Release|Any CPU.ActiveCfg = Release|Any CPU
		{2900D3BC-8514-4DC5-B4F9-74F09C502F97}.Release|Any CPU.Build.0 = Release|Any CPU
	EndGlobalSection
	GlobalSection(SolutionProperties) = preSolution
		HideSolutionNode = FALSE
	EndGlobalSection
	GlobalSection(ExtensibilityGlobals) = postSolution
		SolutionGuid = {3FC3DBF8-96AF-4490-96A9-B22AC1D34A19}
	EndGlobalSection
EndGlobal
